
Microsoft Visual Studio Solution File, Format Version 12.00
# Visual Studio Version 17
VisualStudioVersion = 17.6.33829.357
MinimumVisualStudioVersion = 10.0.40219.1
Project("{FAE04EC0-301F-11D3-BF4B-00C04F79EFBC}") = "Proyecto-final", "Proyecto-final\Proyecto-final.csproj", "{280BCF52-4B12-459F-926D-2D4DFA2DEA2D}"
EndProject
Global
	GlobalSection(SolutionConfigurationPlatforms) = preSolution
		Debug|Any CPU = Debug|Any CPU
		Release|Any CPU = Release|Any CPU
	EndGlobalSection
	GlobalSection(ProjectConfigurationPlatforms) = postSolution
		{280BCF52-4B12-459F-926D-2D4DFA2DEA2D}.Debug|Any CPU.ActiveCfg = Debug|Any CPU
		{280BCF52-4B12-459F-926D-2D4DFA2DEA2D}.Debug|Any CPU.Build.0 = Debug|Any CPU
		{280BCF52-4B12-459F-926D-2D4DFA2DEA2D}.Release|Any CPU.ActiveCfg = Release|Any CPU
		{280BCF52-4B12-459F-926D-2D4DFA2DEA2D}.Release|Any CPU.Build.0 = Release|Any CPU
	EndGlobalSection
	GlobalSection(SolutionProperties) = preSolution
		HideSolutionNode = FALSE
	EndGlobalSection
	GlobalSection(ExtensibilityGlobals) = postSolution
		SolutionGuid = {464D8662-6395-485E-AB34-C0923C6B98CA}
	EndGlobalSection
EndGlobal
